// !$*UTF8*$!
{
	archiveVersion = 1;
	classes = {
	};
	objectVersion = 50;
	objects = {

/* Begin PBXBuildFile section */
		AA755DC121800D53003E482B /* GoogleService-Info.plist in Resources */ = {isa = PBXBuildFile; fileRef = AA755DC021800D53003E482B /* GoogleService-Info.plist */; };
		AAB5B9EE2149489E001F4AFE /* AppDelegate.swift in Sources */ = {isa = PBXBuildFile; fileRef = AAB5B9ED2149489E001F4AFE /* AppDelegate.swift */; };
		AAB5B9F5214948A1001F4AFE /* Assets.xcassets in Resources */ = {isa = PBXBuildFile; fileRef = AAB5B9F4214948A1001F4AFE /* Assets.xcassets */; };
		AAB5B9F8214948A1001F4AFE /* LaunchScreen.storyboard in Resources */ = {isa = PBXBuildFile; fileRef = AAB5B9F6214948A1001F4AFE /* LaunchScreen.storyboard */; };
		AAED2972214E1EA800FA7A0D /* SubViewController.swift in Sources */ = {isa = PBXBuildFile; fileRef = AAED296F214E1EA700FA7A0D /* SubViewController.swift */; };
		AAED2973214E1EA800FA7A0D /* Main.storyboard in Resources */ = {isa = PBXBuildFile; fileRef = AAED2970214E1EA800FA7A0D /* Main.storyboard */; };
		AAED2974214E1EA800FA7A0D /* ViewController.swift in Sources */ = {isa = PBXBuildFile; fileRef = AAED2971214E1EA800FA7A0D /* ViewController.swift */; };
		B40ED2DB79F252A13A2F55CA /* Pods_kissa_to.framework in Frameworks */ = {isa = PBXBuildFile; fileRef = AC90FE95557A6A64AA5371E0 /* Pods_kissa_to.framework */; };
/* End PBXBuildFile section */

/* Begin PBXFileReference section */
		040EA473B64B999D27DCF90F /* Pods-kissa_to.release.xcconfig */ = {isa = PBXFileReference; includeInIndex = 1; lastKnownFileType = text.xcconfig; name = "Pods-kissa_to.release.xcconfig"; path = "Pods/Target Support Files/Pods-kissa_to/Pods-kissa_to.release.xcconfig"; sourceTree = "<group>"; };
		3931E974F212C579F0A90611 /* Pods-kissa_to.debug.xcconfig */ = {isa = PBXFileReference; includeInIndex = 1; lastKnownFileType = text.xcconfig; name = "Pods-kissa_to.debug.xcconfig"; path = "Pods/Target Support Files/Pods-kissa_to/Pods-kissa_to.debug.xcconfig"; sourceTree = "<group>"; };
		AA755DC021800D53003E482B /* GoogleService-Info.plist */ = {isa = PBXFileReference; fileEncoding = 4; lastKnownFileType = text.plist.xml; path = "GoogleService-Info.plist"; sourceTree = "<group>"; };
		AAB5B9EA2149489E001F4AFE /* kissa_to.app */ = {isa = PBXFileReference; explicitFileType = wrapper.application; includeInIndex = 0; path = kissa_to.app; sourceTree = BUILT_PRODUCTS_DIR; };
		AAB5B9ED2149489E001F4AFE /* AppDelegate.swift */ = {isa = PBXFileReference; lastKnownFileType = sourcecode.swift; path = AppDelegate.swift; sourceTree = "<group>"; };
		AAB5B9F4214948A1001F4AFE /* Assets.xcassets */ = {isa = PBXFileReference; lastKnownFileType = folder.assetcatalog; path = Assets.xcassets; sourceTree = "<group>"; };
		AAB5B9F7214948A1001F4AFE /* Base */ = {isa = PBXFileReference; lastKnownFileType = file.storyboard; name = Base; path = Base.lproj/LaunchScreen.storyboard; sourceTree = "<group>"; };
		AAB5B9F9214948A1001F4AFE /* Info.plist */ = {isa = PBXFileReference; lastKnownFileType = text.plist.xml; path = Info.plist; sourceTree = "<group>"; };
		AAED296F214E1EA700FA7A0D /* SubViewController.swift */ = {isa = PBXFileReference; fileEncoding = 4; lastKnownFileType = sourcecode.swift; path = SubViewController.swift; sourceTree = "<group>"; };
		AAED2970214E1EA800FA7A0D /* Main.storyboard */ = {isa = PBXFileReference; fileEncoding = 4; lastKnownFileType = file.storyboard; path = Main.storyboard; sourceTree = "<group>"; };
		AAED2971214E1EA800FA7A0D /* ViewController.swift */ = {isa = PBXFileReference; fileEncoding = 4; lastKnownFileType = sourcecode.swift; path = ViewController.swift; sourceTree = "<group>"; };
		AC90FE95557A6A64AA5371E0 /* Pods_kissa_to.framework */ = {isa = PBXFileReference; explicitFileType = wrapper.framework; includeInIndex = 0; path = Pods_kissa_to.framework; sourceTree = BUILT_PRODUCTS_DIR; };
/* End PBXFileReference section */

/* Begin PBXFrameworksBuildPhase section */
		AAB5B9E72149489E001F4AFE /* Frameworks */ = {
			isa = PBXFrameworksBuildPhase;
			buildActionMask = 2147483647;
			files = (
				B40ED2DB79F252A13A2F55CA /* Pods_kissa_to.framework in Frameworks */,
			);
			runOnlyForDeploymentPostprocessing = 0;
		};
/* End PBXFrameworksBuildPhase section */

/* Begin PBXGroup section */
		11E7EA356DBBBE31891A676C /* Pods */ = {
			isa = PBXGroup;
			children = (
				3931E974F212C579F0A90611 /* Pods-kissa_to.debug.xcconfig */,
				040EA473B64B999D27DCF90F /* Pods-kissa_to.release.xcconfig */,
			);
			name = Pods;
			sourceTree = "<group>";
		};
		70545B27E8805762122A9B0F /* Frameworks */ = {
			isa = PBXGroup;
			children = (
				AC90FE95557A6A64AA5371E0 /* Pods_kissa_to.framework */,
			);
			name = Frameworks;
			sourceTree = "<group>";
		};
		AAB5B9E12149489D001F4AFE = {
			isa = PBXGroup;
			children = (
				AAB5B9EC2149489E001F4AFE /* kissa_to */,
				AAB5B9EB2149489E001F4AFE /* Products */,
				11E7EA356DBBBE31891A676C /* Pods */,
				70545B27E8805762122A9B0F /* Frameworks */,
			);
			sourceTree = "<group>";
		};
		AAB5B9EB2149489E001F4AFE /* Products */ = {
			isa = PBXGroup;
			children = (
				AAB5B9EA2149489E001F4AFE /* kissa_to.app */,
			);
			name = Products;
			sourceTree = "<group>";
		};
		AAB5B9EC2149489E001F4AFE /* kissa_to */ = {
			isa = PBXGroup;
			children = (
				AAB5B9ED2149489E001F4AFE /* AppDelegate.swift */,
				AAED2970214E1EA800FA7A0D /* Main.storyboard */,
				AAED2971214E1EA800FA7A0D /* ViewController.swift */,
				AAED296F214E1EA700FA7A0D /* SubViewController.swift */,
				AAB5B9F4214948A1001F4AFE /* Assets.xcassets */,
				AAB5B9F6214948A1001F4AFE /* LaunchScreen.storyboard */,
				AAB5B9F9214948A1001F4AFE /* Info.plist */,
				AA755DC021800D53003E482B /* GoogleService-Info.plist */,
			);
			path = kissa_to;
			sourceTree = "<group>";
		};
/* End PBXGroup section */

/* Begin PBXNativeTarget section */
		AAB5B9E92149489E001F4AFE /* kissa_to */ = {
			isa = PBXNativeTarget;
			buildConfigurationList = AAB5B9FC214948A1001F4AFE /* Build configuration list for PBXNativeTarget "kissa_to" */;
			buildPhases = (
				3689AC88431DE7FD01CD630C /* [CP] Check Pods Manifest.lock */,
				AAB5B9E62149489E001F4AFE /* Sources */,
				AAB5B9E72149489E001F4AFE /* Frameworks */,
				AAB5B9E82149489E001F4AFE /* Resources */,
				B642C79C0F23F9011FDFA5A3 /* [CP] Embed Pods Frameworks */,
			);
			buildRules = (
			);
			dependencies = (
			);
			name = kissa_to;
			productName = kissa_to;
			productReference = AAB5B9EA2149489E001F4AFE /* kissa_to.app */;
			productType = "com.apple.product-type.application";
		};
/* End PBXNativeTarget section */

/* Begin PBXProject section */
		AAB5B9E22149489D001F4AFE /* Project object */ = {
			isa = PBXProject;
			attributes = {
				LastSwiftUpdateCheck = 0940;
				LastUpgradeCheck = 0940;
				ORGANIZATIONNAME = "Kei Kawamura";
				TargetAttributes = {
					AAB5B9E92149489E001F4AFE = {
						CreatedOnToolsVersion = 9.4.1;
						LastSwiftMigration = 1000;
					};
				};
			};
			buildConfigurationList = AAB5B9E52149489E001F4AFE /* Build configuration list for PBXProject "kissa_to" */;
			compatibilityVersion = "Xcode 9.3";
			developmentRegion = en;
			hasScannedForEncodings = 0;
			knownRegions = (
				en,
				Base,
			);
			mainGroup = AAB5B9E12149489D001F4AFE;
			productRefGroup = AAB5B9EB2149489E001F4AFE /* Products */;
			projectDirPath = "";
			projectRoot = "";
			targets = (
				AAB5B9E92149489E001F4AFE /* kissa_to */,
			);
		};
/* End PBXProject section */

/* Begin PBXResourcesBuildPhase section */
		AAB5B9E82149489E001F4AFE /* Resources */ = {
			isa = PBXResourcesBuildPhase;
			buildActionMask = 2147483647;
			files = (
				AAB5B9F8214948A1001F4AFE /* LaunchScreen.storyboard in Resources */,
				AA755DC121800D53003E482B /* GoogleService-Info.plist in Resources */,
				AAB5B9F5214948A1001F4AFE /* Assets.xcassets in Resources */,
				AAED2973214E1EA800FA7A0D /* Main.storyboard in Resources */,
			);
			runOnlyForDeploymentPostprocessing = 0;
		};
/* End PBXResourcesBuildPhase section */

/* Begin PBXShellScriptBuildPhase section */
		3689AC88431DE7FD01CD630C /* [CP] Check Pods Manifest.lock */ = {
			isa = PBXShellScriptBuildPhase;
			buildActionMask = 2147483647;
			files = (
			);
			inputPaths = (
				"${PODS_PODFILE_DIR_PATH}/Podfile.lock",
				"${PODS_ROOT}/Manifest.lock",
			);
			name = "[CP] Check Pods Manifest.lock";
			outputPaths = (
				"$(DERIVED_FILE_DIR)/Pods-kissa_to-checkManifestLockResult.txt",
			);
			runOnlyForDeploymentPostprocessing = 0;
			shellPath = /bin/sh;
			shellScript = "diff \"${PODS_PODFILE_DIR_PATH}/Podfile.lock\" \"${PODS_ROOT}/Manifest.lock\" > /dev/null\nif [ $? != 0 ] ; then\n    # print error to STDERR\n    echo \"error: The sandbox is not in sync with the Podfile.lock. Run 'pod install' or update your CocoaPods installation.\" >&2\n    exit 1\nfi\n# This output is used by Xcode 'outputs' to avoid re-running this script phase.\necho \"SUCCESS\" > \"${SCRIPT_OUTPUT_FILE_0}\"\n";
			showEnvVarsInLog = 0;
		};
		B642C79C0F23F9011FDFA5A3 /* [CP] Embed Pods Frameworks */ = {
			isa = PBXShellScriptBuildPhase;
			buildActionMask = 2147483647;
			files = (
			);
			inputPaths = (
				"${SRCROOT}/Pods/Target Support Files/Pods-kissa_to/Pods-kissa_to-frameworks.sh",
				"${BUILT_PRODUCTS_DIR}/GoogleUtilities/GoogleUtilities.framework",
				"${BUILT_PRODUCTS_DIR}/leveldb-library/leveldb.framework",
			);
			name = "[CP] Embed Pods Frameworks";
			outputPaths = (
				"${TARGET_BUILD_DIR}/${FRAMEWORKS_FOLDER_PATH}/GoogleUtilities.framework",
				"${TARGET_BUILD_DIR}/${FRAMEWORKS_FOLDER_PATH}/leveldb.framework",
			);
			runOnlyForDeploymentPostprocessing = 0;
			shellPath = /bin/sh;
			shellScript = "\"${SRCROOT}/Pods/Target Support Files/Pods-kissa_to/Pods-kissa_to-frameworks.sh\"\n";
			showEnvVarsInLog = 0;
		};
/* End PBXShellScriptBuildPhase section */

/* Begin PBXSourcesBuildPhase section */
		AAB5B9E62149489E001F4AFE /* Sources */ = {
			isa = PBXSourcesBuildPhase;
			buildActionMask = 2147483647;
			files = (
				AAED2974214E1EA800FA7A0D /* ViewController.swift in Sources */,
				AAB5B9EE2149489E001F4AFE /* AppDelegate.swift in Sources */,
				AAED2972214E1EA800FA7A0D /* SubViewController.swift in Sources */,
			);
			runOnlyForDeploymentPostprocessing = 0;
		};
/* End PBXSourcesBuildPhase section */

/* Begin PBXVariantGroup section */
		AAB5B9F6214948A1001F4AFE /* LaunchScreen.storyboard */ = {
			isa = PBXVariantGroup;
			children = (
				AAB5B9F7214948A1001F4AFE /* Base */,
			);
			name = LaunchScreen.storyboard;
			sourceTree = "<group>";
		};
/* End PBXVariantGroup section */

/* Begin XCBuildConfiguration section */
		AAB5B9FA214948A1001F4AFE /* Debug */ = {
			isa = XCBuildConfiguration;
			buildSettings = {
				ALWAYS_SEARCH_USER_PATHS = NO;
				CLANG_ANALYZER_NONNULL = YES;
				CLANG_ANALYZER_NUMBER_OBJECT_CONVERSION = YES_AGGRESSIVE;
				CLANG_CXX_LANGUAGE_STANDARD = "gnu++14";
				CLANG_CXX_LIBRARY = "libc++";
				CLANG_ENABLE_MODULES = YES;
				CLANG_ENABLE_OBJC_ARC = YES;
				CLANG_ENABLE_OBJC_WEAK = YES;
				CLANG_WARN_BLOCK_CAPTURE_AUTORELEASING = YES;
				CLANG_WARN_BOOL_CONVERSION = YES;
				CLANG_WARN_COMMA = YES;
				CLANG_WARN_CONSTANT_CONVERSION = YES;
				CLANG_WARN_DEPRECATED_OBJC_IMPLEMENTATIONS = YES;
				CLANG_WARN_DIRECT_OBJC_ISA_USAGE = YES_ERROR;
				CLANG_WARN_DOCUMENTATION_COMMENTS = YES;
				CLANG_WARN_EMPTY_BODY = YES;
				CLANG_WARN_ENUM_CONVERSION = YES;
				CLANG_WARN_INFINITE_RECURSION = YES;
				CLANG_WARN_INT_CONVERSION = YES;
				CLANG_WARN_NON_LITERAL_NULL_CONVERSION = YES;
				CLANG_WARN_OBJC_IMPLICIT_RETAIN_SELF = YES;
				CLANG_WARN_OBJC_LITERAL_CONVERSION = YES;
				CLANG_WARN_OBJC_ROOT_CLASS = YES_ERROR;
				CLANG_WARN_RANGE_LOOP_ANALYSIS = YES;
				CLANG_WARN_STRICT_PROTOTYPES = YES;
				CLANG_WARN_SUSPICIOUS_MOVE = YES;
				CLANG_WARN_UNGUARDED_AVAILABILITY = YES_AGGRESSIVE;
				CLANG_WARN_UNREACHABLE_CODE = YES;
				CLANG_WARN__DUPLICATE_METHOD_MATCH = YES;
				CODE_SIGN_IDENTITY = "iPhone Developer";
				COPY_PHASE_STRIP = NO;
				DEBUG_INFORMATION_FORMAT = dwarf;
				ENABLE_STRICT_OBJC_MSGSEND = YES;
				ENABLE_TESTABILITY = YES;
				GCC_C_LANGUAGE_STANDARD = gnu11;
				GCC_DYNAMIC_NO_PIC = NO;
				GCC_NO_COMMON_BLOCKS = YES;
				GCC_OPTIMIZATION_LEVEL = 0;
				GCC_PREPROCESSOR_DEFINITIONS = (
					"DEBUG=1",
					"$(inherited)",
				);
				GCC_WARN_64_TO_32_BIT_CONVERSION = YES;
				GCC_WARN_ABOUT_RETURN_TYPE = YES_ERROR;
				GCC_WARN_UNDECLARED_SELECTOR = YES;
				GCC_WARN_UNINITIALIZED_AUTOS = YES_AGGRESSIVE;
				GCC_WARN_UNUSED_FUNCTION = YES;
				GCC_WARN_UNUSED_VARIABLE = YES;
				IPHONEOS_DEPLOYMENT_TARGET = 11.4;
				MTL_ENABLE_DEBUG_INFO = YES;
				ONLY_ACTIVE_ARCH = YES;
				SDKROOT = iphoneos;
				SWIFT_ACTIVE_COMPILATION_CONDITIONS = DEBUG;
				SWIFT_OPTIMIZATION_LEVEL = "-Onone";
			};
			name = Debug;
		};
		AAB5B9FB214948A1001F4AFE /* Release */ = {
			isa = XCBuildConfiguration;
			buildSettings = {
				ALWAYS_SEARCH_USER_PATHS = NO;
				CLANG_ANALYZER_NONNULL = YES;
				CLANG_ANALYZER_NUMBER_OBJECT_CONVERSION = YES_AGGRESSIVE;
				CLANG_CXX_LANGUAGE_STANDARD = "gnu++14";
				CLANG_CXX_LIBRARY = "libc++";
				CLANG_ENABLE_MODULES = YES;
				CLANG_ENABLE_OBJC_ARC = YES;
				CLANG_ENABLE_OBJC_WEAK = YES;
				CLANG_WARN_BLOCK_CAPTURE_AUTORELEASING = YES;
				CLANG_WARN_BOOL_CONVERSION = YES;
				CLANG_WARN_COMMA = YES;
				CLANG_WARN_CONSTANT_CONVERSION = YES;
				CLANG_WARN_DEPRECATED_OBJC_IMPLEMENTATIONS = YES;
				CLANG_WARN_DIRECT_OBJC_ISA_USAGE = YES_ERROR;
				CLANG_WARN_DOCUMENTATION_COMMENTS = YES;
				CLANG_WARN_EMPTY_BODY = YES;
				CLANG_WARN_ENUM_CONVERSION = YES;
				CLANG_WARN_INFINITE_RECURSION = YES;
				CLANG_WARN_INT_CONVERSION = YES;
				CLANG_WARN_NON_LITERAL_NULL_CONVERSION = YES;
				CLANG_WARN_OBJC_IMPLICIT_RETAIN_SELF = YES;
				CLANG_WARN_OBJC_LITERAL_CONVERSION = YES;
				CLANG_WARN_OBJC_ROOT_CLASS = YES_ERROR;
				CLANG_WARN_RANGE_LOOP_ANALYSIS = YES;
				CLANG_WARN_STRICT_PROTOTYPES = YES;
				CLANG_WARN_SUSPICIOUS_MOVE = YES;
				CLANG_WARN_UNGUARDED_AVAILABILITY = YES_AGGRESSIVE;
				CLANG_WARN_UNREACHABLE_CODE = YES;
				CLANG_WARN__DUPLICATE_METHOD_MATCH = YES;
				CODE_SIGN_IDENTITY = "iPhone Developer";
				COPY_PHASE_STRIP = NO;
				DEBUG_INFORMATION_FORMAT = "dwarf-with-dsym";
				ENABLE_NS_ASSERTIONS = NO;
				ENABLE_STRICT_OBJC_MSGSEND = YES;
				GCC_C_LANGUAGE_STANDARD = gnu11;
				GCC_NO_COMMON_BLOCKS = YES;
				GCC_WARN_64_TO_32_BIT_CONVERSION = YES;
				GCC_WARN_ABOUT_RETURN_TYPE = YES_ERROR;
				GCC_WARN_UNDECLARED_SELECTOR = YES;
				GCC_WARN_UNINITIALIZED_AUTOS = YES_AGGRESSIVE;
				GCC_WARN_UNUSED_FUNCTION = YES;
				GCC_WARN_UNUSED_VARIABLE = YES;
				IPHONEOS_DEPLOYMENT_TARGET = 11.4;
				MTL_ENABLE_DEBUG_INFO = NO;
				SDKROOT = iphoneos;
				SWIFT_COMPILATION_MODE = wholemodule;
				SWIFT_OPTIMIZATION_LEVEL = "-O";
				VALIDATE_PRODUCT = YES;
			};
			name = Release;
		};
		AAB5B9FD214948A1001F4AFE /* Debug */ = {
			isa = XCBuildConfiguration;
			baseConfigurationReference = 3931E974F212C579F0A90611 /* Pods-kissa_to.debug.xcconfig */;
			buildSettings = {
				ASSETCATALOG_COMPILER_APPICON_NAME = AppIcon;
				CODE_SIGN_IDENTITY = "iPhone Developer";
				CODE_SIGN_STYLE = Automatic;
				DEVELOPMENT_TEAM = Q3W9HU74PY;
				INFOPLIST_FILE = kissa_to/Info.plist;
				IPHONEOS_DEPLOYMENT_TARGET = 11.0;
				LD_RUNPATH_SEARCH_PATHS = (
					"$(inherited)",
					"@executable_path/Frameworks",
				);
				PRODUCT_BUNDLE_IDENTIFIER = "kissa-to";
				PRODUCT_NAME = "$(TARGET_NAME)";
				PROVISIONING_PROFILE_SPECIFIER = "";
				SWIFT_VERSION = 4.2;
				TARGETED_DEVICE_FAMILY = 2;
			};
			name = Debug;
		};
		AAB5B9FE214948A1001F4AFE /* Release */ = {
			isa = XCBuildConfiguration;
			baseConfigurationReference = 040EA473B64B999D27DCF90F /* Pods-kissa_to.release.xcconfig */;
			buildSettings = {
				ASSETCATALOG_COMPILER_APPICON_NAME = AppIcon;
				CODE_SIGN_IDENTITY = "iPhone Developer";
				CODE_SIGN_STYLE = Automatic;
				DEVELOPMENT_TEAM = Q3W9HU74PY;
				INFOPLIST_FILE = kissa_to/Info.plist;
				IPHONEOS_DEPLOYMENT_TARGET = 11.0;
				LD_RUNPATH_SEARCH_PATHS = (
					"$(inherited)",
					"@executable_path/Frameworks",
				);
				PRODUCT_BUNDLE_IDENTIFIER = "kissa-to";
				PRODUCT_NAME = "$(TARGET_NAME)";
				PROVISIONING_PROFILE_SPECIFIER = "";
				SWIFT_VERSION = 4.2;
				TARGETED_DEVICE_FAMILY = 2;
			};
			name = Release;
		};
/* End XCBuildConfiguration section */

/* Begin XCConfigurationList section */
		AAB5B9E52149489E001F4AFE /* Build configuration list for PBXProject "kissa_to" */ = {
			isa = XCConfigurationList;
			buildConfigurations = (
				AAB5B9FA214948A1001F4AFE /* Debug */,
				AAB5B9FB214948A1001F4AFE /* Release */,
			);
			defaultConfigurationIsVisible = 0;
			defaultConfigurationName = Release;
		};
		AAB5B9FC214948A1001F4AFE /* Build configuration list for PBXNativeTarget "kissa_to" */ = {
			isa = XCConfigurationList;
			buildConfigurations = (
				AAB5B9FD214948A1001F4AFE /* Debug */,
				AAB5B9FE214948A1001F4AFE /* Release */,
			);
			defaultConfigurationIsVisible = 0;
			defaultConfigurationName = Release;
		};
/* End XCConfigurationList section */
	};
	rootObject = AAB5B9E22149489D001F4AFE /* Project object */;
}
